
Microsoft Visual Studio Solution File, Format Version 12.00
# Visual Studio Version 16
VisualStudioVersion = 16.0.30717.126
MinimumVisualStudioVersion = 10.0.40219.1
Project("{8BC9CEB8-8B4A-11D0-8D11-00A0C91BC942}") = "Sandbox", "Sandbox\Sandbox.vcxproj", "{7843C256-E2E9-48A0-97E4-B2AD434767D9}"
EndProject
Project("{8BC9CEB8-8B4A-11D0-8D11-00A0C91BC942}") = "GTD", "GTD\GTD.vcxproj", "{7428085A-DC96-49BF-9E8F-A3D6312A9027}"
EndProject
Global
	GlobalSection(SolutionConfigurationPlatforms) = preSolution
		Debug|x64 = Debug|x64
		Release|x64 = Release|x64
	EndGlobalSection
	GlobalSection(ProjectConfigurationPlatforms) = postSolution
		{7428085A-DC96-49BF-9E8F-A3D6312A9027}.Debug|x64.ActiveCfg = Debug|x64
		{7428085A-DC96-49BF-9E8F-A3D6312A9027}.Debug|x64.Build.0 = Debug|x64
		{7428085A-DC96-49BF-9E8F-A3D6312A9027}.Release|x64.ActiveCfg = Release|x64
		{7428085A-DC96-49BF-9E8F-A3D6312A9027}.Release|x64.Build.0 = Release|x64
		{7843C256-E2E9-48A0-97E4-B2AD434767D9}.Debug|x64.ActiveCfg = Debug|x64
		{7843C256-E2E9-48A0-97E4-B2AD434767D9}.Debug|x64.Build.0 = Debug|x64
		{7843C256-E2E9-48A0-97E4-B2AD434767D9}.Release|x64.ActiveCfg = Release|x64
		{7843C256-E2E9-48A0-97E4-B2AD434767D9}.Release|x64.Build.0 = Release|x64
	EndGlobalSection
	GlobalSection(SolutionProperties) = preSolution
		HideSolutionNode = FALSE
	EndGlobalSection
	GlobalSection(ExtensibilityGlobals) = postSolution
		SolutionGuid = {F8313F27-16FB-4936-A957-B5F58C6BC805}
	EndGlobalSection
EndGlobal
